
Microsoft Visual Studio Solution File, Format Version 12.00
# Visual Studio 2013
VisualStudioVersion = 12.0.31101.0
MinimumVisualStudioVersion = 10.0.40219.1
Project("{FAE04EC0-301F-11D3-BF4B-00C04F79EFBC}") = "DBInterface", "DBInterface\DBInterface.csproj", "{9D284F00-F843-4B05-89BE-AB65E9131E95}"
EndProject
Project("{FAE04EC0-301F-11D3-BF4B-00C04F79EFBC}") = "DBConnectorTester", "DBConnectorTester\DBConnectorTester.csproj", "{717EF96B-DBD8-4DEF-B5C7-09C095739795}"
EndProject
Global
	GlobalSection(SolutionConfigurationPlatforms) = preSolution
		Debug|Any CPU = Debug|Any CPU
		Release|Any CPU = Release|Any CPU
	EndGlobalSection
	GlobalSection(ProjectConfigurationPlatforms) = postSolution
		{9D284F00-F843-4B05-89BE-AB65E9131E95}.Debug|Any CPU.ActiveCfg = Debug|Any CPU
		{9D284F00-F843-4B05-89BE-AB65E9131E95}.Debug|Any CPU.Build.0 = Debug|Any CPU
		{9D284F00-F843-4B05-89BE-AB65E9131E95}.Release|Any CPU.ActiveCfg = Release|Any CPU
		{9D284F00-F843-4B05-89BE-AB65E9131E95}.Release|Any CPU.Build.0 = Release|Any CPU
		{717EF96B-DBD8-4DEF-B5C7-09C095739795}.Debug|Any CPU.ActiveCfg = Debug|Any CPU
		{717EF96B-DBD8-4DEF-B5C7-09C095739795}.Debug|Any CPU.Build.0 = Debug|Any CPU
		{717EF96B-DBD8-4DEF-B5C7-09C095739795}.Release|Any CPU.ActiveCfg = Release|Any CPU
		{717EF96B-DBD8-4DEF-B5C7-09C095739795}.Release|Any CPU.Build.0 = Release|Any CPU
	EndGlobalSection
	GlobalSection(SolutionProperties) = preSolution
		HideSolutionNode = FALSE
	EndGlobalSection
EndGlobal
